// !$*UTF8*$!
{
	archiveVersion = 1;
	classes = {
	};
	objectVersion = 56;
	objects = {

/* Begin PBXBuildFile section */
		EA1FE39029A78F7F00CB98B8 /* HTTPClient.swift in Sources */ = {isa = PBXBuildFile; fileRef = EA1FE38F29A78F7F00CB98B8 /* HTTPClient.swift */; };
		EA1FE39229A78FD400CB98B8 /* FeedItemMapper.swift in Sources */ = {isa = PBXBuildFile; fileRef = EA1FE39129A78FD400CB98B8 /* FeedItemMapper.swift */; };
		EA1FE39529A7DC2F00CB98B8 /* URLSessionHTTPClientTests.swift in Sources */ = {isa = PBXBuildFile; fileRef = EA1FE39429A7DC2F00CB98B8 /* URLSessionHTTPClientTests.swift */; };
		EA77415C29EBE7DF00111D87 /* EssentialFeedAPIEndToEndTests.swift in Sources */ = {isa = PBXBuildFile; fileRef = EA77415B29EBE7DF00111D87 /* EssentialFeedAPIEndToEndTests.swift */; };
		EA77415D29EBE7DF00111D87 /* EssentialFeed.framework in Frameworks */ = {isa = PBXBuildFile; fileRef = EAA458EC29922E9A00B75C59 /* EssentialFeed.framework */; };
		EA77416329EE7A7C00111D87 /* XCTestCase+MemoryLeakTrackingHelper.swift in Sources */ = {isa = PBXBuildFile; fileRef = EA9E3B1629BF5BFA00D390B4 /* XCTestCase+MemoryLeakTrackingHelper.swift */; };
		EA7C4FFA2A66777400CF2C1C /* CacheFeedUseCaseTests.swift in Sources */ = {isa = PBXBuildFile; fileRef = EA7C4FF92A66777300CF2C1C /* CacheFeedUseCaseTests.swift */; };
		EA7C4FFD2A6AB5B500CF2C1C /* LocalFeedLoader.swift in Sources */ = {isa = PBXBuildFile; fileRef = EA7C4FFC2A6AB5B500CF2C1C /* LocalFeedLoader.swift */; };
		EA7C4FFF2A6AB67F00CF2C1C /* FeedStore.swift in Sources */ = {isa = PBXBuildFile; fileRef = EA7C4FFE2A6AB67F00CF2C1C /* FeedStore.swift */; };
		EA7C50012A6EC5B200CF2C1C /* RemoteFeedItem.swift in Sources */ = {isa = PBXBuildFile; fileRef = EA7C50002A6EC5B200CF2C1C /* RemoteFeedItem.swift */; };
		EA7C50032A6EC60300CF2C1C /* LocalFeedImage.swift in Sources */ = {isa = PBXBuildFile; fileRef = EA7C50022A6EC60300CF2C1C /* LocalFeedImage.swift */; };
		EA9E3B1729BF5BFA00D390B4 /* XCTestCase+MemoryLeakTrackingHelper.swift in Sources */ = {isa = PBXBuildFile; fileRef = EA9E3B1629BF5BFA00D390B4 /* XCTestCase+MemoryLeakTrackingHelper.swift */; };
		EA9E3B1929BF7F6400D390B4 /* URLSessionHTTPClient.swift in Sources */ = {isa = PBXBuildFile; fileRef = EA9E3B1829BF7F6400D390B4 /* URLSessionHTTPClient.swift */; };
		EAA458F129922E9A00B75C59 /* EssentialFeed.docc in Sources */ = {isa = PBXBuildFile; fileRef = EAA458F029922E9A00B75C59 /* EssentialFeed.docc */; };
		EAA458F729922E9A00B75C59 /* EssentialFeed.framework in Frameworks */ = {isa = PBXBuildFile; fileRef = EAA458EC29922E9A00B75C59 /* EssentialFeed.framework */; };
		EAA458FD29922E9A00B75C59 /* EssentialFeed.h in Headers */ = {isa = PBXBuildFile; fileRef = EAA458EF29922E9A00B75C59 /* EssentialFeed.h */; settings = {ATTRIBUTES = (Public, ); }; };
		EAA4590729922EA800B75C59 /* FeedItem.swift in Sources */ = {isa = PBXBuildFile; fileRef = EAA4590629922EA800B75C59 /* FeedItem.swift */; };
		EAA45909299230AA00B75C59 /* FeedLoader.swift in Sources */ = {isa = PBXBuildFile; fileRef = EAA45908299230AA00B75C59 /* FeedLoader.swift */; };
		EAA459122999173200B75C59 /* LoadFeedFromRemoteUseCaseTests.swift in Sources */ = {isa = PBXBuildFile; fileRef = EAA459112999173200B75C59 /* LoadFeedFromRemoteUseCaseTests.swift */; };
		EAA45915299A9F5100B75C59 /* RemoteFeedLoader.swift in Sources */ = {isa = PBXBuildFile; fileRef = EAA45914299A9F5100B75C59 /* RemoteFeedLoader.swift */; };
		EAC330AF2A78D46E006F8C22 /* LoadFeedFromCacheUseCaseTests.swift in Sources */ = {isa = PBXBuildFile; fileRef = EAC330AE2A78D46E006F8C22 /* LoadFeedFromCacheUseCaseTests.swift */; };
		EAC330B22A78D752006F8C22 /* FeedStoreSpy.swift in Sources */ = {isa = PBXBuildFile; fileRef = EAC330B12A78D752006F8C22 /* FeedStoreSpy.swift */; };
/* End PBXBuildFile section */

/* Begin PBXContainerItemProxy section */
		EA77415E29EBE7DF00111D87 /* PBXContainerItemProxy */ = {
			isa = PBXContainerItemProxy;
			containerPortal = EAA458E329922E9A00B75C59 /* Project object */;
			proxyType = 1;
			remoteGlobalIDString = EAA458EB29922E9A00B75C59;
			remoteInfo = EssentialFeed;
		};
		EAA458F829922E9A00B75C59 /* PBXContainerItemProxy */ = {
			isa = PBXContainerItemProxy;
			containerPortal = EAA458E329922E9A00B75C59 /* Project object */;
			proxyType = 1;
			remoteGlobalIDString = EAA458EB29922E9A00B75C59;
			remoteInfo = EssentialFeed;
		};
/* End PBXContainerItemProxy section */

/* Begin PBXFileReference section */
		EA1FE38F29A78F7F00CB98B8 /* HTTPClient.swift */ = {isa = PBXFileReference; lastKnownFileType = sourcecode.swift; path = HTTPClient.swift; sourceTree = "<group>"; };
		EA1FE39129A78FD400CB98B8 /* FeedItemMapper.swift */ = {isa = PBXFileReference; lastKnownFileType = sourcecode.swift; path = FeedItemMapper.swift; sourceTree = "<group>"; };
		EA1FE39429A7DC2F00CB98B8 /* URLSessionHTTPClientTests.swift */ = {isa = PBXFileReference; lastKnownFileType = sourcecode.swift; path = URLSessionHTTPClientTests.swift; sourceTree = "<group>"; };
		EA4ABC1C29EE7F2F00FE9474 /* CI.xctestplan */ = {isa = PBXFileReference; lastKnownFileType = text; path = CI.xctestplan; sourceTree = "<group>"; };
		EA77415929EBE7DF00111D87 /* EssentialFeedAPIEndToEndTests.xctest */ = {isa = PBXFileReference; explicitFileType = wrapper.cfbundle; includeInIndex = 0; path = EssentialFeedAPIEndToEndTests.xctest; sourceTree = BUILT_PRODUCTS_DIR; };
		EA77415B29EBE7DF00111D87 /* EssentialFeedAPIEndToEndTests.swift */ = {isa = PBXFileReference; lastKnownFileType = sourcecode.swift; path = EssentialFeedAPIEndToEndTests.swift; sourceTree = "<group>"; };
		EA7C4FF92A66777300CF2C1C /* CacheFeedUseCaseTests.swift */ = {isa = PBXFileReference; lastKnownFileType = sourcecode.swift; path = CacheFeedUseCaseTests.swift; sourceTree = "<group>"; };
		EA7C4FFC2A6AB5B500CF2C1C /* LocalFeedLoader.swift */ = {isa = PBXFileReference; lastKnownFileType = sourcecode.swift; path = LocalFeedLoader.swift; sourceTree = "<group>"; };
		EA7C4FFE2A6AB67F00CF2C1C /* FeedStore.swift */ = {isa = PBXFileReference; lastKnownFileType = sourcecode.swift; path = FeedStore.swift; sourceTree = "<group>"; };
		EA7C50002A6EC5B200CF2C1C /* RemoteFeedItem.swift */ = {isa = PBXFileReference; lastKnownFileType = sourcecode.swift; path = RemoteFeedItem.swift; sourceTree = "<group>"; };
		EA7C50022A6EC60300CF2C1C /* LocalFeedImage.swift */ = {isa = PBXFileReference; lastKnownFileType = sourcecode.swift; path = LocalFeedImage.swift; sourceTree = "<group>"; };
		EA9E3B1629BF5BFA00D390B4 /* XCTestCase+MemoryLeakTrackingHelper.swift */ = {isa = PBXFileReference; lastKnownFileType = sourcecode.swift; path = "XCTestCase+MemoryLeakTrackingHelper.swift"; sourceTree = "<group>"; };
		EA9E3B1829BF7F6400D390B4 /* URLSessionHTTPClient.swift */ = {isa = PBXFileReference; lastKnownFileType = sourcecode.swift; path = URLSessionHTTPClient.swift; sourceTree = "<group>"; };
		EAA458EC29922E9A00B75C59 /* EssentialFeed.framework */ = {isa = PBXFileReference; explicitFileType = wrapper.framework; includeInIndex = 0; path = EssentialFeed.framework; sourceTree = BUILT_PRODUCTS_DIR; };
		EAA458EF29922E9A00B75C59 /* EssentialFeed.h */ = {isa = PBXFileReference; lastKnownFileType = sourcecode.c.h; path = EssentialFeed.h; sourceTree = "<group>"; };
		EAA458F029922E9A00B75C59 /* EssentialFeed.docc */ = {isa = PBXFileReference; lastKnownFileType = folder.documentationcatalog; path = EssentialFeed.docc; sourceTree = "<group>"; };
		EAA458F629922E9A00B75C59 /* EssentialFeedTests.xctest */ = {isa = PBXFileReference; explicitFileType = wrapper.cfbundle; includeInIndex = 0; path = EssentialFeedTests.xctest; sourceTree = BUILT_PRODUCTS_DIR; };
		EAA4590629922EA800B75C59 /* FeedItem.swift */ = {isa = PBXFileReference; lastKnownFileType = sourcecode.swift; path = FeedItem.swift; sourceTree = "<group>"; };
		EAA45908299230AA00B75C59 /* FeedLoader.swift */ = {isa = PBXFileReference; lastKnownFileType = sourcecode.swift; path = FeedLoader.swift; sourceTree = "<group>"; };
		EAA459112999173200B75C59 /* LoadFeedFromRemoteUseCaseTests.swift */ = {isa = PBXFileReference; lastKnownFileType = sourcecode.swift; path = LoadFeedFromRemoteUseCaseTests.swift; sourceTree = "<group>"; };
		EAA45914299A9F5100B75C59 /* RemoteFeedLoader.swift */ = {isa = PBXFileReference; lastKnownFileType = sourcecode.swift; path = RemoteFeedLoader.swift; sourceTree = "<group>"; };
		EAC330AE2A78D46E006F8C22 /* LoadFeedFromCacheUseCaseTests.swift */ = {isa = PBXFileReference; lastKnownFileType = sourcecode.swift; path = LoadFeedFromCacheUseCaseTests.swift; sourceTree = "<group>"; };
		EAC330B12A78D752006F8C22 /* FeedStoreSpy.swift */ = {isa = PBXFileReference; lastKnownFileType = sourcecode.swift; path = FeedStoreSpy.swift; sourceTree = "<group>"; };
		EAFE40262A5D4AB100F65033 /* README.md */ = {isa = PBXFileReference; lastKnownFileType = net.daringfireball.markdown; path = README.md; sourceTree = "<group>"; };
/* End PBXFileReference section */

/* Begin PBXFrameworksBuildPhase section */
		EA77415629EBE7DF00111D87 /* Frameworks */ = {
			isa = PBXFrameworksBuildPhase;
			buildActionMask = 2147483647;
			files = (
				EA77415D29EBE7DF00111D87 /* EssentialFeed.framework in Frameworks */,
			);
			runOnlyForDeploymentPostprocessing = 0;
		};
		EAA458E929922E9A00B75C59 /* Frameworks */ = {
			isa = PBXFrameworksBuildPhase;
			buildActionMask = 2147483647;
			files = (
			);
			runOnlyForDeploymentPostprocessing = 0;
		};
		EAA458F329922E9A00B75C59 /* Frameworks */ = {
			isa = PBXFrameworksBuildPhase;
			buildActionMask = 2147483647;
			files = (
				EAA458F729922E9A00B75C59 /* EssentialFeed.framework in Frameworks */,
			);
			runOnlyForDeploymentPostprocessing = 0;
		};
/* End PBXFrameworksBuildPhase section */

/* Begin PBXGroup section */
		EA1FE39329A79CA400CB98B8 /* Feed API */ = {
			isa = PBXGroup;
			children = (
				EAA459112999173200B75C59 /* LoadFeedFromRemoteUseCaseTests.swift */,
				EA1FE39429A7DC2F00CB98B8 /* URLSessionHTTPClientTests.swift */,
			);
			path = "Feed API";
			sourceTree = "<group>";
		};
		EA77415A29EBE7DF00111D87 /* EssentialFeedAPIEndToEndTests */ = {
			isa = PBXGroup;
			children = (
				EA77415B29EBE7DF00111D87 /* EssentialFeedAPIEndToEndTests.swift */,
			);
			path = EssentialFeedAPIEndToEndTests;
			sourceTree = "<group>";
		};
		EA7C4FF82A66774400CF2C1C /* Feed Cache */ = {
			isa = PBXGroup;
			children = (
				EAC330B02A78D73E006F8C22 /* Helpers */,
				EA7C4FF92A66777300CF2C1C /* CacheFeedUseCaseTests.swift */,
				EAC330AE2A78D46E006F8C22 /* LoadFeedFromCacheUseCaseTests.swift */,
			);
			path = "Feed Cache";
			sourceTree = "<group>";
		};
		EA7C4FFB2A6AB5A100CF2C1C /* Feed Cache */ = {
			isa = PBXGroup;
			children = (
				EA7C4FFC2A6AB5B500CF2C1C /* LocalFeedLoader.swift */,
				EA7C4FFE2A6AB67F00CF2C1C /* FeedStore.swift */,
				EA7C50022A6EC60300CF2C1C /* LocalFeedImage.swift */,
			);
			path = "Feed Cache";
			sourceTree = "<group>";
		};
		EA9E3B1529BF5BB800D390B4 /* Helpers */ = {
			isa = PBXGroup;
			children = (
				EA9E3B1629BF5BFA00D390B4 /* XCTestCase+MemoryLeakTrackingHelper.swift */,
			);
			path = Helpers;
			sourceTree = "<group>";
		};
		EAA458E229922E9A00B75C59 = {
			isa = PBXGroup;
			children = (
				EAFE40262A5D4AB100F65033 /* README.md */,
				EA4ABC1C29EE7F2F00FE9474 /* CI.xctestplan */,
				EAA458EE29922E9A00B75C59 /* EssentialFeed */,
				EAA458FA29922E9A00B75C59 /* EssentialFeedTests */,
				EA77415A29EBE7DF00111D87 /* EssentialFeedAPIEndToEndTests */,
				EAA458ED29922E9A00B75C59 /* Products */,
			);
			sourceTree = "<group>";
		};
		EAA458ED29922E9A00B75C59 /* Products */ = {
			isa = PBXGroup;
			children = (
				EAA458EC29922E9A00B75C59 /* EssentialFeed.framework */,
				EAA458F629922E9A00B75C59 /* EssentialFeedTests.xctest */,
				EA77415929EBE7DF00111D87 /* EssentialFeedAPIEndToEndTests.xctest */,
			);
			name = Products;
			sourceTree = "<group>";
		};
		EAA458EE29922E9A00B75C59 /* EssentialFeed */ = {
			isa = PBXGroup;
			children = (
				EA7C4FFB2A6AB5A100CF2C1C /* Feed Cache */,
				EAA45913299A9F3D00B75C59 /* Feed API */,
				EAA458EF29922E9A00B75C59 /* EssentialFeed.h */,
				EAA458F029922E9A00B75C59 /* EssentialFeed.docc */,
				EAA4591029990C5000B75C59 /* Feed Feature */,
			);
			path = EssentialFeed;
			sourceTree = "<group>";
		};
		EAA458FA29922E9A00B75C59 /* EssentialFeedTests */ = {
			isa = PBXGroup;
			children = (
				EA9E3B1529BF5BB800D390B4 /* Helpers */,
				EA7C4FF82A66774400CF2C1C /* Feed Cache */,
				EA1FE39329A79CA400CB98B8 /* Feed API */,
			);
			path = EssentialFeedTests;
			sourceTree = "<group>";
		};
		EAA4591029990C5000B75C59 /* Feed Feature */ = {
			isa = PBXGroup;
			children = (
				EAA4590629922EA800B75C59 /* FeedItem.swift */,
				EAA45908299230AA00B75C59 /* FeedLoader.swift */,
			);
			path = "Feed Feature";
			sourceTree = "<group>";
		};
		EAA45913299A9F3D00B75C59 /* Feed API */ = {
			isa = PBXGroup;
			children = (
				EAA45914299A9F5100B75C59 /* RemoteFeedLoader.swift */,
				EA1FE38F29A78F7F00CB98B8 /* HTTPClient.swift */,
				EA1FE39129A78FD400CB98B8 /* FeedItemMapper.swift */,
				EA9E3B1829BF7F6400D390B4 /* URLSessionHTTPClient.swift */,
				EA7C50002A6EC5B200CF2C1C /* RemoteFeedItem.swift */,
			);
			path = "Feed API";
			sourceTree = "<group>";
		};
		EAC330B02A78D73E006F8C22 /* Helpers */ = {
			isa = PBXGroup;
			children = (
				EAC330B12A78D752006F8C22 /* FeedStoreSpy.swift */,
			);
			path = Helpers;
			sourceTree = "<group>";
		};
/* End PBXGroup section */

/* Begin PBXHeadersBuildPhase section */
		EAA458E729922E9A00B75C59 /* Headers */ = {
			isa = PBXHeadersBuildPhase;
			buildActionMask = 2147483647;
			files = (
				EAA458FD29922E9A00B75C59 /* EssentialFeed.h in Headers */,
			);
			runOnlyForDeploymentPostprocessing = 0;
		};
/* End PBXHeadersBuildPhase section */

/* Begin PBXNativeTarget section */
		EA77415829EBE7DF00111D87 /* EssentialFeedAPIEndToEndTests */ = {
			isa = PBXNativeTarget;
			buildConfigurationList = EA77416229EBE7DF00111D87 /* Build configuration list for PBXNativeTarget "EssentialFeedAPIEndToEndTests" */;
			buildPhases = (
				EA77415529EBE7DF00111D87 /* Sources */,
				EA77415629EBE7DF00111D87 /* Frameworks */,
				EA77415729EBE7DF00111D87 /* Resources */,
			);
			buildRules = (
			);
			dependencies = (
				EA77415F29EBE7DF00111D87 /* PBXTargetDependency */,
			);
			name = EssentialFeedAPIEndToEndTests;
			productName = EssentialFeedAPIEndToEndTests;
			productReference = EA77415929EBE7DF00111D87 /* EssentialFeedAPIEndToEndTests.xctest */;
			productType = "com.apple.product-type.bundle.unit-test";
		};
		EAA458EB29922E9A00B75C59 /* EssentialFeed */ = {
			isa = PBXNativeTarget;
			buildConfigurationList = EAA4590029922E9A00B75C59 /* Build configuration list for PBXNativeTarget "EssentialFeed" */;
			buildPhases = (
				EAA458E729922E9A00B75C59 /* Headers */,
				EAA458E829922E9A00B75C59 /* Sources */,
				EAA458E929922E9A00B75C59 /* Frameworks */,
				EAA458EA29922E9A00B75C59 /* Resources */,
			);
			buildRules = (
			);
			dependencies = (
			);
			name = EssentialFeed;
			productName = EssentialFeed;
			productReference = EAA458EC29922E9A00B75C59 /* EssentialFeed.framework */;
			productType = "com.apple.product-type.framework";
		};
		EAA458F529922E9A00B75C59 /* EssentialFeedTests */ = {
			isa = PBXNativeTarget;
			buildConfigurationList = EAA4590329922E9A00B75C59 /* Build configuration list for PBXNativeTarget "EssentialFeedTests" */;
			buildPhases = (
				EAA458F229922E9A00B75C59 /* Sources */,
				EAA458F329922E9A00B75C59 /* Frameworks */,
				EAA458F429922E9A00B75C59 /* Resources */,
			);
			buildRules = (
			);
			dependencies = (
				EAA458F929922E9A00B75C59 /* PBXTargetDependency */,
			);
			name = EssentialFeedTests;
			productName = EssentialFeedTests;
			productReference = EAA458F629922E9A00B75C59 /* EssentialFeedTests.xctest */;
			productType = "com.apple.product-type.bundle.unit-test";
		};
/* End PBXNativeTarget section */

/* Begin PBXProject section */
		EAA458E329922E9A00B75C59 /* Project object */ = {
			isa = PBXProject;
			attributes = {
				BuildIndependentTargetsInParallel = 1;
				LastSwiftUpdateCheck = 1430;
				LastUpgradeCheck = 1420;
				TargetAttributes = {
					EA77415829EBE7DF00111D87 = {
						CreatedOnToolsVersion = 14.3;
					};
					EAA458EB29922E9A00B75C59 = {
						CreatedOnToolsVersion = 14.2;
					};
					EAA458F529922E9A00B75C59 = {
						CreatedOnToolsVersion = 14.2;
					};
				};
			};
			buildConfigurationList = EAA458E629922E9A00B75C59 /* Build configuration list for PBXProject "EssentialFeed" */;
			compatibilityVersion = "Xcode 14.0";
			developmentRegion = en;
			hasScannedForEncodings = 0;
			knownRegions = (
				en,
				Base,
			);
			mainGroup = EAA458E229922E9A00B75C59;
			productRefGroup = EAA458ED29922E9A00B75C59 /* Products */;
			projectDirPath = "";
			projectRoot = "";
			targets = (
				EAA458EB29922E9A00B75C59 /* EssentialFeed */,
				EAA458F529922E9A00B75C59 /* EssentialFeedTests */,
				EA77415829EBE7DF00111D87 /* EssentialFeedAPIEndToEndTests */,
			);
		};
/* End PBXProject section */

/* Begin PBXResourcesBuildPhase section */
		EA77415729EBE7DF00111D87 /* Resources */ = {
			isa = PBXResourcesBuildPhase;
			buildActionMask = 2147483647;
			files = (
			);
			runOnlyForDeploymentPostprocessing = 0;
		};
		EAA458EA29922E9A00B75C59 /* Resources */ = {
			isa = PBXResourcesBuildPhase;
			buildActionMask = 2147483647;
			files = (
			);
			runOnlyForDeploymentPostprocessing = 0;
		};
		EAA458F429922E9A00B75C59 /* Resources */ = {
			isa = PBXResourcesBuildPhase;
			buildActionMask = 2147483647;
			files = (
			);
			runOnlyForDeploymentPostprocessing = 0;
		};
/* End PBXResourcesBuildPhase section */

/* Begin PBXSourcesBuildPhase section */
		EA77415529EBE7DF00111D87 /* Sources */ = {
			isa = PBXSourcesBuildPhase;
			buildActionMask = 2147483647;
			files = (
				EA77415C29EBE7DF00111D87 /* EssentialFeedAPIEndToEndTests.swift in Sources */,
				EA77416329EE7A7C00111D87 /* XCTestCase+MemoryLeakTrackingHelper.swift in Sources */,
			);
			runOnlyForDeploymentPostprocessing = 0;
		};
		EAA458E829922E9A00B75C59 /* Sources */ = {
			isa = PBXSourcesBuildPhase;
			buildActionMask = 2147483647;
			files = (
				EA7C50032A6EC60300CF2C1C /* LocalFeedImage.swift in Sources */,
				EA7C4FFF2A6AB67F00CF2C1C /* FeedStore.swift in Sources */,
				EA9E3B1929BF7F6400D390B4 /* URLSessionHTTPClient.swift in Sources */,
				EAA45915299A9F5100B75C59 /* RemoteFeedLoader.swift in Sources */,
				EA1FE39029A78F7F00CB98B8 /* HTTPClient.swift in Sources */,
				EAA45909299230AA00B75C59 /* FeedLoader.swift in Sources */,
				EA1FE39229A78FD400CB98B8 /* FeedItemMapper.swift in Sources */,
				EA7C50012A6EC5B200CF2C1C /* RemoteFeedItem.swift in Sources */,
				EAA4590729922EA800B75C59 /* FeedItem.swift in Sources */,
				EA7C4FFD2A6AB5B500CF2C1C /* LocalFeedLoader.swift in Sources */,
				EAA458F129922E9A00B75C59 /* EssentialFeed.docc in Sources */,
			);
			runOnlyForDeploymentPostprocessing = 0;
		};
		EAA458F229922E9A00B75C59 /* Sources */ = {
			isa = PBXSourcesBuildPhase;
			buildActionMask = 2147483647;
			files = (
				EAA459122999173200B75C59 /* LoadFeedFromRemoteUseCaseTests.swift in Sources */,
				EA9E3B1729BF5BFA00D390B4 /* XCTestCase+MemoryLeakTrackingHelper.swift in Sources */,
				EAC330B22A78D752006F8C22 /* FeedStoreSpy.swift in Sources */,
				EA7C4FFA2A66777400CF2C1C /* CacheFeedUseCaseTests.swift in Sources */,
				EAC330AF2A78D46E006F8C22 /* LoadFeedFromCacheUseCaseTests.swift in Sources */,
				EA1FE39529A7DC2F00CB98B8 /* URLSessionHTTPClientTests.swift in Sources */,
			);
			runOnlyForDeploymentPostprocessing = 0;
		};
/* End PBXSourcesBuildPhase section */

/* Begin PBXTargetDependency section */
		EA77415F29EBE7DF00111D87 /* PBXTargetDependency */ = {
			isa = PBXTargetDependency;
			target = EAA458EB29922E9A00B75C59 /* EssentialFeed */;
			targetProxy = EA77415E29EBE7DF00111D87 /* PBXContainerItemProxy */;
		};
		EAA458F929922E9A00B75C59 /* PBXTargetDependency */ = {
			isa = PBXTargetDependency;
			target = EAA458EB29922E9A00B75C59 /* EssentialFeed */;
			targetProxy = EAA458F829922E9A00B75C59 /* PBXContainerItemProxy */;
		};
/* End PBXTargetDependency section */

/* Begin XCBuildConfiguration section */
		EA77416029EBE7DF00111D87 /* Debug */ = {
			isa = XCBuildConfiguration;
			buildSettings = {
				CODE_SIGN_STYLE = Automatic;
				CURRENT_PROJECT_VERSION = 1;
				DEVELOPMENT_TEAM = 673HUC42LY;
				GENERATE_INFOPLIST_FILE = YES;
				MACOSX_DEPLOYMENT_TARGET = 12.6.5;
				MARKETING_VERSION = 1.0;
				PRODUCT_BUNDLE_IDENTIFIER = com.stranskymarek.EssentialFeedAPIEndToEndTests;
				PRODUCT_NAME = "$(TARGET_NAME)";
				SWIFT_EMIT_LOC_STRINGS = NO;
				SWIFT_VERSION = 5.0;
			};
			name = Debug;
		};
		EA77416129EBE7DF00111D87 /* Release */ = {
			isa = XCBuildConfiguration;
			buildSettings = {
				CODE_SIGN_STYLE = Automatic;
				CURRENT_PROJECT_VERSION = 1;
				DEVELOPMENT_TEAM = 673HUC42LY;
				GENERATE_INFOPLIST_FILE = YES;
				MACOSX_DEPLOYMENT_TARGET = 12.6.5;
				MARKETING_VERSION = 1.0;
				PRODUCT_BUNDLE_IDENTIFIER = com.stranskymarek.EssentialFeedAPIEndToEndTests;
				PRODUCT_NAME = "$(TARGET_NAME)";
				SWIFT_EMIT_LOC_STRINGS = NO;
				SWIFT_VERSION = 5.0;
			};
			name = Release;
		};
		EAA458FE29922E9A00B75C59 /* Debug */ = {
			isa = XCBuildConfiguration;
			buildSettings = {
				ALWAYS_SEARCH_USER_PATHS = NO;
				CLANG_ANALYZER_NONNULL = YES;
				CLANG_ANALYZER_NUMBER_OBJECT_CONVERSION = YES_AGGRESSIVE;
				CLANG_CXX_LANGUAGE_STANDARD = "gnu++20";
				CLANG_ENABLE_MODULES = YES;
				CLANG_ENABLE_OBJC_ARC = YES;
				CLANG_ENABLE_OBJC_WEAK = YES;
				CLANG_WARN_BLOCK_CAPTURE_AUTORELEASING = YES;
				CLANG_WARN_BOOL_CONVERSION = YES;
				CLANG_WARN_COMMA = YES;
				CLANG_WARN_CONSTANT_CONVERSION = YES;
				CLANG_WARN_DEPRECATED_OBJC_IMPLEMENTATIONS = YES;
				CLANG_WARN_DIRECT_OBJC_ISA_USAGE = YES_ERROR;
				CLANG_WARN_DOCUMENTATION_COMMENTS = YES;
				CLANG_WARN_EMPTY_BODY = YES;
				CLANG_WARN_ENUM_CONVERSION = YES;
				CLANG_WARN_INFINITE_RECURSION = YES;
				CLANG_WARN_INT_CONVERSION = YES;
				CLANG_WARN_NON_LITERAL_NULL_CONVERSION = YES;
				CLANG_WARN_OBJC_IMPLICIT_RETAIN_SELF = YES;
				CLANG_WARN_OBJC_LITERAL_CONVERSION = YES;
				CLANG_WARN_OBJC_ROOT_CLASS = YES_ERROR;
				CLANG_WARN_QUOTED_INCLUDE_IN_FRAMEWORK_HEADER = YES;
				CLANG_WARN_RANGE_LOOP_ANALYSIS = YES;
				CLANG_WARN_STRICT_PROTOTYPES = YES;
				CLANG_WARN_SUSPICIOUS_MOVE = YES;
				CLANG_WARN_UNGUARDED_AVAILABILITY = YES_AGGRESSIVE;
				CLANG_WARN_UNREACHABLE_CODE = YES;
				CLANG_WARN__DUPLICATE_METHOD_MATCH = YES;
				COPY_PHASE_STRIP = NO;
				CURRENT_PROJECT_VERSION = 1;
				DEBUG_INFORMATION_FORMAT = dwarf;
				ENABLE_STRICT_OBJC_MSGSEND = YES;
				ENABLE_TESTABILITY = YES;
				GCC_C_LANGUAGE_STANDARD = gnu11;
				GCC_DYNAMIC_NO_PIC = NO;
				GCC_NO_COMMON_BLOCKS = YES;
				GCC_OPTIMIZATION_LEVEL = 0;
				GCC_PREPROCESSOR_DEFINITIONS = (
					"DEBUG=1",
					"$(inherited)",
				);
				GCC_WARN_64_TO_32_BIT_CONVERSION = YES;
				GCC_WARN_ABOUT_RETURN_TYPE = YES_ERROR;
				GCC_WARN_UNDECLARED_SELECTOR = YES;
				GCC_WARN_UNINITIALIZED_AUTOS = YES_AGGRESSIVE;
				GCC_WARN_UNUSED_FUNCTION = YES;
				GCC_WARN_UNUSED_VARIABLE = YES;
				MACOSX_DEPLOYMENT_TARGET = 12.6.5;
				MTL_ENABLE_DEBUG_INFO = INCLUDE_SOURCE;
				MTL_FAST_MATH = YES;
				ONLY_ACTIVE_ARCH = YES;
				SDKROOT = macosx;
				SWIFT_ACTIVE_COMPILATION_CONDITIONS = DEBUG;
				SWIFT_OPTIMIZATION_LEVEL = "-Onone";
				VERSIONING_SYSTEM = "apple-generic";
				VERSION_INFO_PREFIX = "";
			};
			name = Debug;
		};
		EAA458FF29922E9A00B75C59 /* Release */ = {
			isa = XCBuildConfiguration;
			buildSettings = {
				ALWAYS_SEARCH_USER_PATHS = NO;
				CLANG_ANALYZER_NONNULL = YES;
				CLANG_ANALYZER_NUMBER_OBJECT_CONVERSION = YES_AGGRESSIVE;
				CLANG_CXX_LANGUAGE_STANDARD = "gnu++20";
				CLANG_ENABLE_MODULES = YES;
				CLANG_ENABLE_OBJC_ARC = YES;
				CLANG_ENABLE_OBJC_WEAK = YES;
				CLANG_WARN_BLOCK_CAPTURE_AUTORELEASING = YES;
				CLANG_WARN_BOOL_CONVERSION = YES;
				CLANG_WARN_COMMA = YES;
				CLANG_WARN_CONSTANT_CONVERSION = YES;
				CLANG_WARN_DEPRECATED_OBJC_IMPLEMENTATIONS = YES;
				CLANG_WARN_DIRECT_OBJC_ISA_USAGE = YES_ERROR;
				CLANG_WARN_DOCUMENTATION_COMMENTS = YES;
				CLANG_WARN_EMPTY_BODY = YES;
				CLANG_WARN_ENUM_CONVERSION = YES;
				CLANG_WARN_INFINITE_RECURSION = YES;
				CLANG_WARN_INT_CONVERSION = YES;
				CLANG_WARN_NON_LITERAL_NULL_CONVERSION = YES;
				CLANG_WARN_OBJC_IMPLICIT_RETAIN_SELF = YES;
				CLANG_WARN_OBJC_LITERAL_CONVERSION = YES;
				CLANG_WARN_OBJC_ROOT_CLASS = YES_ERROR;
				CLANG_WARN_QUOTED_INCLUDE_IN_FRAMEWORK_HEADER = YES;
				CLANG_WARN_RANGE_LOOP_ANALYSIS = YES;
				CLANG_WARN_STRICT_PROTOTYPES = YES;
				CLANG_WARN_SUSPICIOUS_MOVE = YES;
				CLANG_WARN_UNGUARDED_AVAILABILITY = YES_AGGRESSIVE;
				CLANG_WARN_UNREACHABLE_CODE = YES;
				CLANG_WARN__DUPLICATE_METHOD_MATCH = YES;
				COPY_PHASE_STRIP = NO;
				CURRENT_PROJECT_VERSION = 1;
				DEBUG_INFORMATION_FORMAT = "dwarf-with-dsym";
				ENABLE_NS_ASSERTIONS = NO;
				ENABLE_STRICT_OBJC_MSGSEND = YES;
				GCC_C_LANGUAGE_STANDARD = gnu11;
				GCC_NO_COMMON_BLOCKS = YES;
				GCC_WARN_64_TO_32_BIT_CONVERSION = YES;
				GCC_WARN_ABOUT_RETURN_TYPE = YES_ERROR;
				GCC_WARN_UNDECLARED_SELECTOR = YES;
				GCC_WARN_UNINITIALIZED_AUTOS = YES_AGGRESSIVE;
				GCC_WARN_UNUSED_FUNCTION = YES;
				GCC_WARN_UNUSED_VARIABLE = YES;
				MACOSX_DEPLOYMENT_TARGET = 12.6.5;
				MTL_ENABLE_DEBUG_INFO = NO;
				MTL_FAST_MATH = YES;
				SDKROOT = macosx;
				SWIFT_COMPILATION_MODE = wholemodule;
				SWIFT_OPTIMIZATION_LEVEL = "-O";
				VERSIONING_SYSTEM = "apple-generic";
				VERSION_INFO_PREFIX = "";
			};
			name = Release;
		};
		EAA4590129922E9A00B75C59 /* Debug */ = {
			isa = XCBuildConfiguration;
			buildSettings = {
				CODE_SIGN_STYLE = Automatic;
				COMBINE_HIDPI_IMAGES = YES;
				CURRENT_PROJECT_VERSION = 1;
				DEFINES_MODULE = YES;
				DEVELOPMENT_TEAM = 673HUC42LY;
				DYLIB_COMPATIBILITY_VERSION = 1;
				DYLIB_CURRENT_VERSION = 1;
				DYLIB_INSTALL_NAME_BASE = "@rpath";
				GENERATE_INFOPLIST_FILE = YES;
				INFOPLIST_KEY_NSHumanReadableCopyright = "";
				INSTALL_PATH = "$(LOCAL_LIBRARY_DIR)/Frameworks";
				LD_RUNPATH_SEARCH_PATHS = (
					"$(inherited)",
					"@executable_path/../Frameworks",
					"@loader_path/Frameworks",
				);
				MARKETING_VERSION = 1.0;
				PRODUCT_BUNDLE_IDENTIFIER = com.stranskymarek.EssentialFeed;
				PRODUCT_NAME = "$(TARGET_NAME:c99extidentifier)";
				SKIP_INSTALL = YES;
				SWIFT_EMIT_LOC_STRINGS = YES;
				SWIFT_VERSION = 5.0;
			};
			name = Debug;
		};
		EAA4590229922E9A00B75C59 /* Release */ = {
			isa = XCBuildConfiguration;
			buildSettings = {
				CODE_SIGN_STYLE = Automatic;
				COMBINE_HIDPI_IMAGES = YES;
				CURRENT_PROJECT_VERSION = 1;
				DEFINES_MODULE = YES;
				DEVELOPMENT_TEAM = 673HUC42LY;
				DYLIB_COMPATIBILITY_VERSION = 1;
				DYLIB_CURRENT_VERSION = 1;
				DYLIB_INSTALL_NAME_BASE = "@rpath";
				GENERATE_INFOPLIST_FILE = YES;
				INFOPLIST_KEY_NSHumanReadableCopyright = "";
				INSTALL_PATH = "$(LOCAL_LIBRARY_DIR)/Frameworks";
				LD_RUNPATH_SEARCH_PATHS = (
					"$(inherited)",
					"@executable_path/../Frameworks",
					"@loader_path/Frameworks",
				);
				MARKETING_VERSION = 1.0;
				PRODUCT_BUNDLE_IDENTIFIER = com.stranskymarek.EssentialFeed;
				PRODUCT_NAME = "$(TARGET_NAME:c99extidentifier)";
				SKIP_INSTALL = YES;
				SWIFT_EMIT_LOC_STRINGS = YES;
				SWIFT_VERSION = 5.0;
			};
			name = Release;
		};
		EAA4590429922E9A00B75C59 /* Debug */ = {
			isa = XCBuildConfiguration;
			buildSettings = {
				ALWAYS_EMBED_SWIFT_STANDARD_LIBRARIES = YES;
				CODE_SIGN_STYLE = Automatic;
				CURRENT_PROJECT_VERSION = 1;
				DEVELOPMENT_TEAM = 673HUC42LY;
				GENERATE_INFOPLIST_FILE = YES;
				MARKETING_VERSION = 1.0;
				PRODUCT_BUNDLE_IDENTIFIER = com.stranskymarek.EssentialFeedTests;
				PRODUCT_NAME = "$(TARGET_NAME)";
				SWIFT_EMIT_LOC_STRINGS = NO;
				SWIFT_VERSION = 5.0;
			};
			name = Debug;
		};
		EAA4590529922E9A00B75C59 /* Release */ = {
			isa = XCBuildConfiguration;
			buildSettings = {
				ALWAYS_EMBED_SWIFT_STANDARD_LIBRARIES = YES;
				CODE_SIGN_STYLE = Automatic;
				CURRENT_PROJECT_VERSION = 1;
				DEVELOPMENT_TEAM = 673HUC42LY;
				GENERATE_INFOPLIST_FILE = YES;
				MARKETING_VERSION = 1.0;
				PRODUCT_BUNDLE_IDENTIFIER = com.stranskymarek.EssentialFeedTests;
				PRODUCT_NAME = "$(TARGET_NAME)";
				SWIFT_EMIT_LOC_STRINGS = NO;
				SWIFT_VERSION = 5.0;
			};
			name = Release;
		};
/* End XCBuildConfiguration section */

/* Begin XCConfigurationList section */
		EA77416229EBE7DF00111D87 /* Build configuration list for PBXNativeTarget "EssentialFeedAPIEndToEndTests" */ = {
			isa = XCConfigurationList;
			buildConfigurations = (
				EA77416029EBE7DF00111D87 /* Debug */,
				EA77416129EBE7DF00111D87 /* Release */,
			);
			defaultConfigurationIsVisible = 0;
			defaultConfigurationName = Release;
		};
		EAA458E629922E9A00B75C59 /* Build configuration list for PBXProject "EssentialFeed" */ = {
			isa = XCConfigurationList;
			buildConfigurations = (
				EAA458FE29922E9A00B75C59 /* Debug */,
				EAA458FF29922E9A00B75C59 /* Release */,
			);
			defaultConfigurationIsVisible = 0;
			defaultConfigurationName = Release;
		};
		EAA4590029922E9A00B75C59 /* Build configuration list for PBXNativeTarget "EssentialFeed" */ = {
			isa = XCConfigurationList;
			buildConfigurations = (
				EAA4590129922E9A00B75C59 /* Debug */,
				EAA4590229922E9A00B75C59 /* Release */,
			);
			defaultConfigurationIsVisible = 0;
			defaultConfigurationName = Release;
		};
		EAA4590329922E9A00B75C59 /* Build configuration list for PBXNativeTarget "EssentialFeedTests" */ = {
			isa = XCConfigurationList;
			buildConfigurations = (
				EAA4590429922E9A00B75C59 /* Debug */,
				EAA4590529922E9A00B75C59 /* Release */,
			);
			defaultConfigurationIsVisible = 0;
			defaultConfigurationName = Release;
		};
/* End XCConfigurationList section */
	};
	rootObject = EAA458E329922E9A00B75C59 /* Project object */;
}
